<?xml version="1.0" encoding="UTF-8" standalone="yes" ?>
<CodeBlocks_project_file>
	<FileVersion major="1" minor="6" />
	<Project>
		<Option title="Hoi-task_8" />
		<Option pch_mode="2" />
		<Option compiler="gcc" />
		<Build>
			<Target title="Debug">
				<Option output="../bin/Debug/Hoi-task_8" prefix_auto="1" extension_auto="1" />
				<Option object_output="../obj/Debug/" />
				<Option type="1" />
				<Option compiler="gcc" />
				<Compiler>
					<Add option="-g" />
					<Add directory="../obj/Debug" />
				</Compiler>
				<Linker>
					<Add option="-static-libstdc++" />
					<Add option="-static-libgcc" />
					<Add library="../obj/Debug/libModulesHoi.a" />
				</Linker>
			</Target>
			<Target title="Release">
				<Option output="../bin/Release/Hoi-task_8" prefix_auto="1" extension_auto="1" />
				<Option object_output="../obj/Release/" />
				<Option type="1" />
				<Option compiler="gcc" />
				<Compiler>
					<Add option="-O2" />
					<Add directory="../obj/Debug" />
				</Compiler>
				<Linker>
					<Add option="-s" />
					<Add library="../obj/Debug/libModulesHoi.a" />
				</Linker>
			</Target>
		</Build>
		<Compiler>
			<Add option="-Wall" />
			<Add option="-fexceptions" />
			<Add directory="../Modules" />
		</Compiler>
		<Linker>
			<Add library="../obj/Debug/libModulesHoi.a" />
		</Linker>
		<Unit filename="main.cpp" />
		<Extensions />
	</Project>
</CodeBlocks_project_file>
